
Microsoft Visual Studio Solution File, Format Version 12.00
# Visual Studio Version 16
VisualStudioVersion = 16.0.30225.117
MinimumVisualStudioVersion = 10.0.40219.1
Project("{FAE04EC0-301F-11D3-BF4B-00C04F79EFBC}") = "AppTeam101", "AppTeam101\AppTeam101.csproj", "{7A01EAC3-05B5-4C4A-AFFC-20C29549C9FA}"
EndProject
Global
	GlobalSection(SolutionConfigurationPlatforms) = preSolution
		Debug|Any CPU = Debug|Any CPU
		Release|Any CPU = Release|Any CPU
	EndGlobalSection
	GlobalSection(ProjectConfigurationPlatforms) = postSolution
		{7A01EAC3-05B5-4C4A-AFFC-20C29549C9FA}.Debug|Any CPU.ActiveCfg = Debug|Any CPU
		{7A01EAC3-05B5-4C4A-AFFC-20C29549C9FA}.Debug|Any CPU.Build.0 = Debug|Any CPU
		{7A01EAC3-05B5-4C4A-AFFC-20C29549C9FA}.Release|Any CPU.ActiveCfg = Release|Any CPU
		{7A01EAC3-05B5-4C4A-AFFC-20C29549C9FA}.Release|Any CPU.Build.0 = Release|Any CPU
	EndGlobalSection
	GlobalSection(SolutionProperties) = preSolution
		HideSolutionNode = FALSE
	EndGlobalSection
	GlobalSection(ExtensibilityGlobals) = postSolution
		SolutionGuid = {12345198-BD8C-4767-A776-B0AC9CC2D87E}
	EndGlobalSection
EndGlobal
