
Microsoft Visual Studio Solution File, Format Version 12.00
# Visual Studio Version 16
VisualStudioVersion = 16.0.30225.117
MinimumVisualStudioVersion = 10.0.40219.1
Project("{FAE04EC0-301F-11D3-BF4B-00C04F79EFBC}") = "Cours job", "Cours job\Cours job.csproj", "{1FE199F3-0CC7-4D47-ACD5-E1BC87C1FAFC}"
EndProject
Global
	GlobalSection(SolutionConfigurationPlatforms) = preSolution
		Debug|Any CPU = Debug|Any CPU
		Release|Any CPU = Release|Any CPU
	EndGlobalSection
	GlobalSection(ProjectConfigurationPlatforms) = postSolution
		{1FE199F3-0CC7-4D47-ACD5-E1BC87C1FAFC}.Debug|Any CPU.ActiveCfg = Debug|Any CPU
		{1FE199F3-0CC7-4D47-ACD5-E1BC87C1FAFC}.Debug|Any CPU.Build.0 = Debug|Any CPU
		{1FE199F3-0CC7-4D47-ACD5-E1BC87C1FAFC}.Release|Any CPU.ActiveCfg = Release|Any CPU
		{1FE199F3-0CC7-4D47-ACD5-E1BC87C1FAFC}.Release|Any CPU.Build.0 = Release|Any CPU
	EndGlobalSection
	GlobalSection(SolutionProperties) = preSolution
		HideSolutionNode = FALSE
	EndGlobalSection
	GlobalSection(ExtensibilityGlobals) = postSolution
		SolutionGuid = {D2227B95-C39E-4F50-B010-17CB49F38038}
	EndGlobalSection
EndGlobal
